# This file is automatically @generated by Cargo.
# It is not intended for manual editing.
version = 3

[[package]]
name = "comrade"
version = "0.1.0"
dependencies = [
 "open",
]

[[package]]
name = "open"
version = "4.0.1"
source = "registry+https://github.com/rust-lang/crates.io-index"
checksum = "075c5203b3a2b698bc72c6c10b1f6263182135751d5013ea66e8a4b3d0562a43"
dependencies = [
 "pathdiff",
]

[[package]]
name = "pathdiff"
version = "0.2.1"
source = "registry+https://github.com/rust-lang/crates.io-index"
checksum = "8835116a5c179084a830efb3adc117ab007512b535bc1a21c991d3b32a6b44dd"
